{
  "name": "@ledgerful/mcp-server",
  "version": "0.1.6",
  "lockfileVersion": 3,
  "requires": true,
  "packages": {
    "": {
      "name": "@ledgerful/mcp-server",
      "version": "0.1.6",
      "hasInstallScript": true,
      "license": "SEE LICENSE IN LICENSE",
      "bin": {
        "ledgerful-mcp": "bin/ledgerful-mcp.js"
      },
      "engines": {
        "node": ">=18.18"
      }
    }
  }
}
